
Microsoft Visual Studio Solution File, Format Version 12.00
# Visual Studio Version 17
VisualStudioVersion = 17.0.31903.59
MinimumVisualStudioVersion = 10.0.40219.1
Project("{FAE04EC0-301F-11D3-BF4B-00C04F79EFBC}") = "TaskManagmentSystem", "TaskManagmentSystem.csproj", "{5C4DD6BA-81FA-418F-850B-82A4EC302EBD}"
EndProject
Project("{FAE04EC0-301F-11D3-BF4B-00C04F79EFBC}") = "TaskManagementSystem.Tests", "TaskManagementSystem.Tests\TaskManagementSystem.Tests.csproj", "{99CFB3B9-2779-449A-B6F0-C76A317A00DB}"
EndProject
Global
	GlobalSection(SolutionConfigurationPlatforms) = preSolution
		Debug|Any CPU = Debug|Any CPU
		Release|Any CPU = Release|Any CPU
	EndGlobalSection
	GlobalSection(SolutionProperties) = preSolution
		HideSolutionNode = FALSE
	EndGlobalSection
	GlobalSection(ProjectConfigurationPlatforms) = postSolution
		{5C4DD6BA-81FA-418F-850B-82A4EC302EBD}.Debug|Any CPU.ActiveCfg = Debug|Any CPU
		{5C4DD6BA-81FA-418F-850B-82A4EC302EBD}.Debug|Any CPU.Build.0 = Debug|Any CPU
		{5C4DD6BA-81FA-418F-850B-82A4EC302EBD}.Release|Any CPU.ActiveCfg = Release|Any CPU
		{5C4DD6BA-81FA-418F-850B-82A4EC302EBD}.Release|Any CPU.Build.0 = Release|Any CPU
		{99CFB3B9-2779-449A-B6F0-C76A317A00DB}.Debug|Any CPU.ActiveCfg = Debug|Any CPU
		{99CFB3B9-2779-449A-B6F0-C76A317A00DB}.Debug|Any CPU.Build.0 = Debug|Any CPU
		{99CFB3B9-2779-449A-B6F0-C76A317A00DB}.Release|Any CPU.ActiveCfg = Release|Any CPU
		{99CFB3B9-2779-449A-B6F0-C76A317A00DB}.Release|Any CPU.Build.0 = Release|Any CPU
	EndGlobalSection
EndGlobal
